
Microsoft Visual Studio Solution File, Format Version 12.00
# Visual Studio Version 16
VisualStudioVersion = 16.0.29806.167
MinimumVisualStudioVersion = 10.0.40219.1
Project("{FAE04EC0-301F-11D3-BF4B-00C04F79EFBC}") = "LiveboxPollerAPI", "LiveboxPollerAPI.csproj", "{F401D632-B16D-4EC3-9390-3648F129151C}"
EndProject
Global
	GlobalSection(SolutionConfigurationPlatforms) = preSolution
		Debug|Any CPU = Debug|Any CPU
		Release|Any CPU = Release|Any CPU
	EndGlobalSection
	GlobalSection(ProjectConfigurationPlatforms) = postSolution
		{F401D632-B16D-4EC3-9390-3648F129151C}.Debug|Any CPU.ActiveCfg = Debug|Any CPU
		{F401D632-B16D-4EC3-9390-3648F129151C}.Debug|Any CPU.Build.0 = Debug|Any CPU
		{F401D632-B16D-4EC3-9390-3648F129151C}.Release|Any CPU.ActiveCfg = Release|Any CPU
		{F401D632-B16D-4EC3-9390-3648F129151C}.Release|Any CPU.Build.0 = Release|Any CPU
	EndGlobalSection
	GlobalSection(SolutionProperties) = preSolution
		HideSolutionNode = FALSE
	EndGlobalSection
	GlobalSection(ExtensibilityGlobals) = postSolution
		SolutionGuid = {7F493330-1DA6-4466-98A7-0577B4962823}
	EndGlobalSection
EndGlobal
